
Microsoft Visual Studio Solution File, Format Version 12.00
# Visual Studio Version 16
VisualStudioVersion = 16.0.29403.142
MinimumVisualStudioVersion = 10.0.40219.1
Project("{FAE04EC0-301F-11D3-BF4B-00C04F79EFBC}") = "WpfApp_Alytalo", "WpfApp_Alytalo.csproj", "{EB613F1A-69A4-4154-BF54-CD9E0F49709E}"
EndProject
Global
	GlobalSection(SolutionConfigurationPlatforms) = preSolution
		Debug|Any CPU = Debug|Any CPU
		Release|Any CPU = Release|Any CPU
	EndGlobalSection
	GlobalSection(ProjectConfigurationPlatforms) = postSolution
		{EB613F1A-69A4-4154-BF54-CD9E0F49709E}.Debug|Any CPU.ActiveCfg = Debug|Any CPU
		{EB613F1A-69A4-4154-BF54-CD9E0F49709E}.Debug|Any CPU.Build.0 = Debug|Any CPU
		{EB613F1A-69A4-4154-BF54-CD9E0F49709E}.Release|Any CPU.ActiveCfg = Release|Any CPU
		{EB613F1A-69A4-4154-BF54-CD9E0F49709E}.Release|Any CPU.Build.0 = Release|Any CPU
	EndGlobalSection
	GlobalSection(SolutionProperties) = preSolution
		HideSolutionNode = FALSE
	EndGlobalSection
	GlobalSection(ExtensibilityGlobals) = postSolution
		SolutionGuid = {83959CBC-8980-403F-8086-3297A1F778E2}
	EndGlobalSection
EndGlobal
